// !$*UTF8*$!
{
	archiveVersion = 1;
	classes = {
	};
	objectVersion = 46;
	objects = {

/* Begin PBXBuildFile section */
		C27735AC1C1E943E00AC8A7B /* main.m in Sources */ = {isa = PBXBuildFile; fileRef = C27735AB1C1E943E00AC8A7B /* main.m */; };
		C27735AF1C1E943E00AC8A7B /* AppDelegate.m in Sources */ = {isa = PBXBuildFile; fileRef = C27735AE1C1E943E00AC8A7B /* AppDelegate.m */; };
		C27735B51C1E943F00AC8A7B /* Main.storyboard in Resources */ = {isa = PBXBuildFile; fileRef = C27735B31C1E943F00AC8A7B /* Main.storyboard */; };
		C27735B71C1E943F00AC8A7B /* Assets.xcassets in Resources */ = {isa = PBXBuildFile; fileRef = C27735B61C1E943F00AC8A7B /* Assets.xcassets */; };
		C27735BA1C1E943F00AC8A7B /* LaunchScreen.storyboard in Resources */ = {isa = PBXBuildFile; fileRef = C27735B81C1E943F00AC8A7B /* LaunchScreen.storyboard */; };
		C27735C51C1E944100AC8A7B /* ZDrawerSampleTests.m in Sources */ = {isa = PBXBuildFile; fileRef = C27735C41C1E944100AC8A7B /* ZDrawerSampleTests.m */; };
		C27735D01C1E944100AC8A7B /* ZDrawerSampleUITests.m in Sources */ = {isa = PBXBuildFile; fileRef = C27735CF1C1E944100AC8A7B /* ZDrawerSampleUITests.m */; };
		C27735E21C1E953300AC8A7B /* MainViewController.m in Sources */ = {isa = PBXBuildFile; fileRef = C27735E11C1E953300AC8A7B /* MainViewController.m */; };
		C27735E51C1EB6AE00AC8A7B /* ListViewController.m in Sources */ = {isa = PBXBuildFile; fileRef = C27735E41C1EB6AE00AC8A7B /* ListViewController.m */; };
		C27736191C1ED4EE00AC8A7B /* MenuViewController.m in Sources */ = {isa = PBXBuildFile; fileRef = C27736181C1ED4EE00AC8A7B /* MenuViewController.m */; };
		C27736291C1ED4F600AC8A7B /* FiveViewController.m in Sources */ = {isa = PBXBuildFile; fileRef = C277361C1C1ED4F600AC8A7B /* FiveViewController.m */; };
		C277362A1C1ED4F600AC8A7B /* FourViewController.m in Sources */ = {isa = PBXBuildFile; fileRef = C277361E1C1ED4F600AC8A7B /* FourViewController.m */; };
		C277362B1C1ED4F600AC8A7B /* OneViewController.m in Sources */ = {isa = PBXBuildFile; fileRef = C27736201C1ED4F600AC8A7B /* OneViewController.m */; };
		C277362C1C1ED4F600AC8A7B /* SevenViewController.m in Sources */ = {isa = PBXBuildFile; fileRef = C27736221C1ED4F600AC8A7B /* SevenViewController.m */; };
		C277362D1C1ED4F600AC8A7B /* SixViewController.m in Sources */ = {isa = PBXBuildFile; fileRef = C27736241C1ED4F600AC8A7B /* SixViewController.m */; };
		C277362E1C1ED4F600AC8A7B /* ThreeViewController.m in Sources */ = {isa = PBXBuildFile; fileRef = C27736261C1ED4F600AC8A7B /* ThreeViewController.m */; };
		C277362F1C1ED4F600AC8A7B /* TwoViewController.m in Sources */ = {isa = PBXBuildFile; fileRef = C27736281C1ED4F600AC8A7B /* TwoViewController.m */; };
/* End PBXBuildFile section */

/* Begin PBXContainerItemProxy section */
		C27735C11C1E944000AC8A7B /* PBXContainerItemProxy */ = {
			isa = PBXContainerItemProxy;
			containerPortal = C277359F1C1E943C00AC8A7B /* Project object */;
			proxyType = 1;
			remoteGlobalIDString = C27735A61C1E943E00AC8A7B;
			remoteInfo = ZDrawerSample;
		};
		C27735CC1C1E944100AC8A7B /* PBXContainerItemProxy */ = {
			isa = PBXContainerItemProxy;
			containerPortal = C277359F1C1E943C00AC8A7B /* Project object */;
			proxyType = 1;
			remoteGlobalIDString = C27735A61C1E943E00AC8A7B;
			remoteInfo = ZDrawerSample;
		};
/* End PBXContainerItemProxy section */

/* Begin PBXFileReference section */
		C27735A71C1E943E00AC8A7B /* ZDrawerSample.app */ = {isa = PBXFileReference; explicitFileType = wrapper.application; includeInIndex = 0; path = ZDrawerSample.app; sourceTree = BUILT_PRODUCTS_DIR; };
		C27735AB1C1E943E00AC8A7B /* main.m */ = {isa = PBXFileReference; lastKnownFileType = sourcecode.c.objc; path = main.m; sourceTree = "<group>"; };
		C27735AD1C1E943E00AC8A7B /* AppDelegate.h */ = {isa = PBXFileReference; lastKnownFileType = sourcecode.c.h; path = AppDelegate.h; sourceTree = "<group>"; };
		C27735AE1C1E943E00AC8A7B /* AppDelegate.m */ = {isa = PBXFileReference; lastKnownFileType = sourcecode.c.objc; path = AppDelegate.m; sourceTree = "<group>"; };
		C27735B41C1E943F00AC8A7B /* Base */ = {isa = PBXFileReference; lastKnownFileType = file.storyboard; name = Base; path = Base.lproj/Main.storyboard; sourceTree = "<group>"; };
		C27735B61C1E943F00AC8A7B /* Assets.xcassets */ = {isa = PBXFileReference; lastKnownFileType = folder.assetcatalog; path = Assets.xcassets; sourceTree = "<group>"; };
		C27735B91C1E943F00AC8A7B /* Base */ = {isa = PBXFileReference; lastKnownFileType = file.storyboard; name = Base; path = Base.lproj/LaunchScreen.storyboard; sourceTree = "<group>"; };
		C27735BB1C1E943F00AC8A7B /* Info.plist */ = {isa = PBXFileReference; lastKnownFileType = text.plist.xml; path = Info.plist; sourceTree = "<group>"; };
		C27735C01C1E944000AC8A7B /* ZDrawerSampleTests.xctest */ = {isa = PBXFileReference; explicitFileType = wrapper.cfbundle; includeInIndex = 0; path = ZDrawerSampleTests.xctest; sourceTree = BUILT_PRODUCTS_DIR; };
		C27735C41C1E944100AC8A7B /* ZDrawerSampleTests.m */ = {isa = PBXFileReference; lastKnownFileType = sourcecode.c.objc; path = ZDrawerSampleTests.m; sourceTree = "<group>"; };
		C27735C61C1E944100AC8A7B /* Info.plist */ = {isa = PBXFileReference; lastKnownFileType = text.plist.xml; path = Info.plist; sourceTree = "<group>"; };
		C27735CB1C1E944100AC8A7B /* ZDrawerSampleUITests.xctest */ = {isa = PBXFileReference; explicitFileType = wrapper.cfbundle; includeInIndex = 0; path = ZDrawerSampleUITests.xctest; sourceTree = BUILT_PRODUCTS_DIR; };
		C27735CF1C1E944100AC8A7B /* ZDrawerSampleUITests.m */ = {isa = PBXFileReference; lastKnownFileType = sourcecode.c.objc; path = ZDrawerSampleUITests.m; sourceTree = "<group>"; };
		C27735D11C1E944100AC8A7B /* Info.plist */ = {isa = PBXFileReference; lastKnownFileType = text.plist.xml; path = Info.plist; sourceTree = "<group>"; };
		C27735E01C1E953300AC8A7B /* MainViewController.h */ = {isa = PBXFileReference; fileEncoding = 4; lastKnownFileType = sourcecode.c.h; path = MainViewController.h; sourceTree = "<group>"; };
		C27735E11C1E953300AC8A7B /* MainViewController.m */ = {isa = PBXFileReference; fileEncoding = 4; lastKnownFileType = sourcecode.c.objc; path = MainViewController.m; sourceTree = "<group>"; };
		C27735E31C1EB6AE00AC8A7B /* ListViewController.h */ = {isa = PBXFileReference; fileEncoding = 4; lastKnownFileType = sourcecode.c.h; path = ListViewController.h; sourceTree = "<group>"; };
		C27735E41C1EB6AE00AC8A7B /* ListViewController.m */ = {isa = PBXFileReference; fileEncoding = 4; lastKnownFileType = sourcecode.c.objc; path = ListViewController.m; sourceTree = "<group>"; };
		C27736171C1ED4EE00AC8A7B /* MenuViewController.h */ = {isa = PBXFileReference; fileEncoding = 4; lastKnownFileType = sourcecode.c.h; path = MenuViewController.h; sourceTree = "<group>"; };
		C27736181C1ED4EE00AC8A7B /* MenuViewController.m */ = {isa = PBXFileReference; fileEncoding = 4; lastKnownFileType = sourcecode.c.objc; path = MenuViewController.m; sourceTree = "<group>"; };
		C277361B1C1ED4F600AC8A7B /* FiveViewController.h */ = {isa = PBXFileReference; fileEncoding = 4; lastKnownFileType = sourcecode.c.h; path = FiveViewController.h; sourceTree = "<group>"; };
		C277361C1C1ED4F600AC8A7B /* FiveViewController.m */ = {isa = PBXFileReference; fileEncoding = 4; lastKnownFileType = sourcecode.c.objc; path = FiveViewController.m; sourceTree = "<group>"; };
		C277361D1C1ED4F600AC8A7B /* FourViewController.h */ = {isa = PBXFileReference; fileEncoding = 4; lastKnownFileType = sourcecode.c.h; path = FourViewController.h; sourceTree = "<group>"; };
		C277361E1C1ED4F600AC8A7B /* FourViewController.m */ = {isa = PBXFileReference; fileEncoding = 4; lastKnownFileType = sourcecode.c.objc; path = FourViewController.m; sourceTree = "<group>"; };
		C277361F1C1ED4F600AC8A7B /* OneViewController.h */ = {isa = PBXFileReference; fileEncoding = 4; lastKnownFileType = sourcecode.c.h; path = OneViewController.h; sourceTree = "<group>"; };
		C27736201C1ED4F600AC8A7B /* OneViewController.m */ = {isa = PBXFileReference; fileEncoding = 4; lastKnownFileType = sourcecode.c.objc; path = OneViewController.m; sourceTree = "<group>"; };
		C27736211C1ED4F600AC8A7B /* SevenViewController.h */ = {isa = PBXFileReference; fileEncoding = 4; lastKnownFileType = sourcecode.c.h; path = SevenViewController.h; sourceTree = "<group>"; };
		C27736221C1ED4F600AC8A7B /* SevenViewController.m */ = {isa = PBXFileReference; fileEncoding = 4; lastKnownFileType = sourcecode.c.objc; path = SevenViewController.m; sourceTree = "<group>"; };
		C27736231C1ED4F600AC8A7B /* SixViewController.h */ = {isa = PBXFileReference; fileEncoding = 4; lastKnownFileType = sourcecode.c.h; path = SixViewController.h; sourceTree = "<group>"; };
		C27736241C1ED4F600AC8A7B /* SixViewController.m */ = {isa = PBXFileReference; fileEncoding = 4; lastKnownFileType = sourcecode.c.objc; path = SixViewController.m; sourceTree = "<group>"; };
		C27736251C1ED4F600AC8A7B /* ThreeViewController.h */ = {isa = PBXFileReference; fileEncoding = 4; lastKnownFileType = sourcecode.c.h; path = ThreeViewController.h; sourceTree = "<group>"; };
		C27736261C1ED4F600AC8A7B /* ThreeViewController.m */ = {isa = PBXFileReference; fileEncoding = 4; lastKnownFileType = sourcecode.c.objc; path = ThreeViewController.m; sourceTree = "<group>"; };
		C27736271C1ED4F600AC8A7B /* TwoViewController.h */ = {isa = PBXFileReference; fileEncoding = 4; lastKnownFileType = sourcecode.c.h; path = TwoViewController.h; sourceTree = "<group>"; };
		C27736281C1ED4F600AC8A7B /* TwoViewController.m */ = {isa = PBXFileReference; fileEncoding = 4; lastKnownFileType = sourcecode.c.objc; path = TwoViewController.m; sourceTree = "<group>"; };
/* End PBXFileReference section */

/* Begin PBXFrameworksBuildPhase section */
		C27735A41C1E943E00AC8A7B /* Frameworks */ = {
			isa = PBXFrameworksBuildPhase;
			buildActionMask = 2147483647;
			files = (
			);
			runOnlyForDeploymentPostprocessing = 0;
		};
		C27735BD1C1E944000AC8A7B /* Frameworks */ = {
			isa = PBXFrameworksBuildPhase;
			buildActionMask = 2147483647;
			files = (
			);
			runOnlyForDeploymentPostprocessing = 0;
		};
		C27735C81C1E944100AC8A7B /* Frameworks */ = {
			isa = PBXFrameworksBuildPhase;
			buildActionMask = 2147483647;
			files = (
			);
			runOnlyForDeploymentPostprocessing = 0;
		};
/* End PBXFrameworksBuildPhase section */

/* Begin PBXGroup section */
		C277359E1C1E943C00AC8A7B = {
			isa = PBXGroup;
			children = (
				C27735A91C1E943E00AC8A7B /* ZDrawerSample */,
				C27735C31C1E944100AC8A7B /* ZDrawerSampleTests */,
				C27735CE1C1E944100AC8A7B /* ZDrawerSampleUITests */,
				C27735A81C1E943E00AC8A7B /* Products */,
			);
			sourceTree = "<group>";
		};
		C27735A81C1E943E00AC8A7B /* Products */ = {
			isa = PBXGroup;
			children = (
				C27735A71C1E943E00AC8A7B /* ZDrawerSample.app */,
				C27735C01C1E944000AC8A7B /* ZDrawerSampleTests.xctest */,
				C27735CB1C1E944100AC8A7B /* ZDrawerSampleUITests.xctest */,
			);
			name = Products;
			sourceTree = "<group>";
		};
		C27735A91C1E943E00AC8A7B /* ZDrawerSample */ = {
			isa = PBXGroup;
			children = (
				C27735AD1C1E943E00AC8A7B /* AppDelegate.h */,
				C27735AE1C1E943E00AC8A7B /* AppDelegate.m */,
				C27735E01C1E953300AC8A7B /* MainViewController.h */,
				C27735E11C1E953300AC8A7B /* MainViewController.m */,
				C27735E31C1EB6AE00AC8A7B /* ListViewController.h */,
				C27735E41C1EB6AE00AC8A7B /* ListViewController.m */,
				C277361A1C1ED4F600AC8A7B /* ViewControllers */,
				C27736161C1ED4EE00AC8A7B /* DrawerController */,
				C27735B31C1E943F00AC8A7B /* Main.storyboard */,
				C27735B61C1E943F00AC8A7B /* Assets.xcassets */,
				C27735B81C1E943F00AC8A7B /* LaunchScreen.storyboard */,
				C27735BB1C1E943F00AC8A7B /* Info.plist */,
				C27735AA1C1E943E00AC8A7B /* Supporting Files */,
			);
			path = ZDrawerSample;
			sourceTree = "<group>";
		};
		C27735AA1C1E943E00AC8A7B /* Supporting Files */ = {
			isa = PBXGroup;
			children = (
				C27735AB1C1E943E00AC8A7B /* main.m */,
			);
			name = "Supporting Files";
			sourceTree = "<group>";
		};
		C27735C31C1E944100AC8A7B /* ZDrawerSampleTests */ = {
			isa = PBXGroup;
			children = (
				C27735C41C1E944100AC8A7B /* ZDrawerSampleTests.m */,
				C27735C61C1E944100AC8A7B /* Info.plist */,
			);
			path = ZDrawerSampleTests;
			sourceTree = "<group>";
		};
		C27735CE1C1E944100AC8A7B /* ZDrawerSampleUITests */ = {
			isa = PBXGroup;
			children = (
				C27735CF1C1E944100AC8A7B /* ZDrawerSampleUITests.m */,
				C27735D11C1E944100AC8A7B /* Info.plist */,
			);
			path = ZDrawerSampleUITests;
			sourceTree = "<group>";
		};
		C27736161C1ED4EE00AC8A7B /* DrawerController */ = {
			isa = PBXGroup;
			children = (
				C27736171C1ED4EE00AC8A7B /* MenuViewController.h */,
				C27736181C1ED4EE00AC8A7B /* MenuViewController.m */,
			);
			path = DrawerController;
			sourceTree = "<group>";
		};
		C277361A1C1ED4F600AC8A7B /* ViewControllers */ = {
			isa = PBXGroup;
			children = (
				C277361B1C1ED4F600AC8A7B /* FiveViewController.h */,
				C277361C1C1ED4F600AC8A7B /* FiveViewController.m */,
				C277361D1C1ED4F600AC8A7B /* FourViewController.h */,
				C277361E1C1ED4F600AC8A7B /* FourViewController.m */,
				C277361F1C1ED4F600AC8A7B /* OneViewController.h */,
				C27736201C1ED4F600AC8A7B /* OneViewController.m */,
				C27736211C1ED4F600AC8A7B /* SevenViewController.h */,
				C27736221C1ED4F600AC8A7B /* SevenViewController.m */,
				C27736231C1ED4F600AC8A7B /* SixViewController.h */,
				C27736241C1ED4F600AC8A7B /* SixViewController.m */,
				C27736251C1ED4F600AC8A7B /* ThreeViewController.h */,
				C27736261C1ED4F600AC8A7B /* ThreeViewController.m */,
				C27736271C1ED4F600AC8A7B /* TwoViewController.h */,
				C27736281C1ED4F600AC8A7B /* TwoViewController.m */,
			);
			path = ViewControllers;
			sourceTree = "<group>";
		};
/* End PBXGroup section */

/* Begin PBXNativeTarget section */
		C27735A61C1E943E00AC8A7B /* ZDrawerSample */ = {
			isa = PBXNativeTarget;
			buildConfigurationList = C27735D41C1E944100AC8A7B /* Build configuration list for PBXNativeTarget "ZDrawerSample" */;
			buildPhases = (
				C27735A31C1E943E00AC8A7B /* Sources */,
				C27735A41C1E943E00AC8A7B /* Frameworks */,
				C27735A51C1E943E00AC8A7B /* Resources */,
			);
			buildRules = (
			);
			dependencies = (
			);
			name = ZDrawerSample;
			productName = ZDrawerSample;
			productReference = C27735A71C1E943E00AC8A7B /* ZDrawerSample.app */;
			productType = "com.apple.product-type.application";
		};
		C27735BF1C1E944000AC8A7B /* ZDrawerSampleTests */ = {
			isa = PBXNativeTarget;
			buildConfigurationList = C27735D71C1E944200AC8A7B /* Build configuration list for PBXNativeTarget "ZDrawerSampleTests" */;
			buildPhases = (
				C27735BC1C1E944000AC8A7B /* Sources */,
				C27735BD1C1E944000AC8A7B /* Frameworks */,
				C27735BE1C1E944000AC8A7B /* Resources */,
			);
			buildRules = (
			);
			dependencies = (
				C27735C21C1E944000AC8A7B /* PBXTargetDependency */,
			);
			name = ZDrawerSampleTests;
			productName = ZDrawerSampleTests;
			productReference = C27735C01C1E944000AC8A7B /* ZDrawerSampleTests.xctest */;
			productType = "com.apple.product-type.bundle.unit-test";
		};
		C27735CA1C1E944100AC8A7B /* ZDrawerSampleUITests */ = {
			isa = PBXNativeTarget;
			buildConfigurationList = C27735DA1C1E944200AC8A7B /* Build configuration list for PBXNativeTarget "ZDrawerSampleUITests" */;
			buildPhases = (
				C27735C71C1E944100AC8A7B /* Sources */,
				C27735C81C1E944100AC8A7B /* Frameworks */,
				C27735C91C1E944100AC8A7B /* Resources */,
			);
			buildRules = (
			);
			dependencies = (
				C27735CD1C1E944100AC8A7B /* PBXTargetDependency */,
			);
			name = ZDrawerSampleUITests;
			productName = ZDrawerSampleUITests;
			productReference = C27735CB1C1E944100AC8A7B /* ZDrawerSampleUITests.xctest */;
			productType = "com.apple.product-type.bundle.ui-testing";
		};
/* End PBXNativeTarget section */

/* Begin PBXProject section */
		C277359F1C1E943C00AC8A7B /* Project object */ = {
			isa = PBXProject;
			attributes = {
				LastUpgradeCheck = 0710;
				ORGANIZATIONNAME = Zero_Zhou;
				TargetAttributes = {
					C27735A61C1E943E00AC8A7B = {
						CreatedOnToolsVersion = 7.1.1;
					};
					C27735BF1C1E944000AC8A7B = {
						CreatedOnToolsVersion = 7.1.1;
						TestTargetID = C27735A61C1E943E00AC8A7B;
					};
					C27735CA1C1E944100AC8A7B = {
						CreatedOnToolsVersion = 7.1.1;
						TestTargetID = C27735A61C1E943E00AC8A7B;
					};
				};
			};
			buildConfigurationList = C27735A21C1E943C00AC8A7B /* Build configuration list for PBXProject "ZDrawerSample" */;
			compatibilityVersion = "Xcode 3.2";
			developmentRegion = English;
			hasScannedForEncodings = 0;
			knownRegions = (
				en,
				Base,
			);
			mainGroup = C277359E1C1E943C00AC8A7B;
			productRefGroup = C27735A81C1E943E00AC8A7B /* Products */;
			projectDirPath = "";
			projectRoot = "";
			targets = (
				C27735A61C1E943E00AC8A7B /* ZDrawerSample */,
				C27735BF1C1E944000AC8A7B /* ZDrawerSampleTests */,
				C27735CA1C1E944100AC8A7B /* ZDrawerSampleUITests */,
			);
		};
/* End PBXProject section */

/* Begin PBXResourcesBuildPhase section */
		C27735A51C1E943E00AC8A7B /* Resources */ = {
			isa = PBXResourcesBuildPhase;
			buildActionMask = 2147483647;
			files = (
				C27735BA1C1E943F00AC8A7B /* LaunchScreen.storyboard in Resources */,
				C27735B71C1E943F00AC8A7B /* Assets.xcassets in Resources */,
				C27735B51C1E943F00AC8A7B /* Main.storyboard in Resources */,
			);
			runOnlyForDeploymentPostprocessing = 0;
		};
		C27735BE1C1E944000AC8A7B /* Resources */ = {
			isa = PBXResourcesBuildPhase;
			buildActionMask = 2147483647;
			files = (
			);
			runOnlyForDeploymentPostprocessing = 0;
		};
		C27735C91C1E944100AC8A7B /* Resources */ = {
			isa = PBXResourcesBuildPhase;
			buildActionMask = 2147483647;
			files = (
			);
			runOnlyForDeploymentPostprocessing = 0;
		};
/* End PBXResourcesBuildPhase section */

/* Begin PBXSourcesBuildPhase section */
		C27735A31C1E943E00AC8A7B /* Sources */ = {
			isa = PBXSourcesBuildPhase;
			buildActionMask = 2147483647;
			files = (
				C277362E1C1ED4F600AC8A7B /* ThreeViewController.m in Sources */,
				C27735E51C1EB6AE00AC8A7B /* ListViewController.m in Sources */,
				C277362D1C1ED4F600AC8A7B /* SixViewController.m in Sources */,
				C277362F1C1ED4F600AC8A7B /* TwoViewController.m in Sources */,
				C27735AF1C1E943E00AC8A7B /* AppDelegate.m in Sources */,
				C27736191C1ED4EE00AC8A7B /* MenuViewController.m in Sources */,
				C27736291C1ED4F600AC8A7B /* FiveViewController.m in Sources */,
				C277362C1C1ED4F600AC8A7B /* SevenViewController.m in Sources */,
				C27735AC1C1E943E00AC8A7B /* main.m in Sources */,
				C277362A1C1ED4F600AC8A7B /* FourViewController.m in Sources */,
				C27735E21C1E953300AC8A7B /* MainViewController.m in Sources */,
				C277362B1C1ED4F600AC8A7B /* OneViewController.m in Sources */,
			);
			runOnlyForDeploymentPostprocessing = 0;
		};
		C27735BC1C1E944000AC8A7B /* Sources */ = {
			isa = PBXSourcesBuildPhase;
			buildActionMask = 2147483647;
			files = (
				C27735C51C1E944100AC8A7B /* ZDrawerSampleTests.m in Sources */,
			);
			runOnlyForDeploymentPostprocessing = 0;
		};
		C27735C71C1E944100AC8A7B /* Sources */ = {
			isa = PBXSourcesBuildPhase;
			buildActionMask = 2147483647;
			files = (
				C27735D01C1E944100AC8A7B /* ZDrawerSampleUITests.m in Sources */,
			);
			runOnlyForDeploymentPostprocessing = 0;
		};
/* End PBXSourcesBuildPhase section */

/* Begin PBXTargetDependency section */
		C27735C21C1E944000AC8A7B /* PBXTargetDependency */ = {
			isa = PBXTargetDependency;
			target = C27735A61C1E943E00AC8A7B /* ZDrawerSample */;
			targetProxy = C27735C11C1E944000AC8A7B /* PBXContainerItemProxy */;
		};
		C27735CD1C1E944100AC8A7B /* PBXTargetDependency */ = {
			isa = PBXTargetDependency;
			target = C27735A61C1E943E00AC8A7B /* ZDrawerSample */;
			targetProxy = C27735CC1C1E944100AC8A7B /* PBXContainerItemProxy */;
		};
/* End PBXTargetDependency section */

/* Begin PBXVariantGroup section */
		C27735B31C1E943F00AC8A7B /* Main.storyboard */ = {
			isa = PBXVariantGroup;
			children = (
				C27735B41C1E943F00AC8A7B /* Base */,
			);
			name = Main.storyboard;
			sourceTree = "<group>";
		};
		C27735B81C1E943F00AC8A7B /* LaunchScreen.storyboard */ = {
			isa = PBXVariantGroup;
			children = (
				C27735B91C1E943F00AC8A7B /* Base */,
			);
			name = LaunchScreen.storyboard;
			sourceTree = "<group>";
		};
/* End PBXVariantGroup section */

/* Begin XCBuildConfiguration section */
		C27735D21C1E944100AC8A7B /* Debug */ = {
			isa = XCBuildConfiguration;
			buildSettings = {
				ALWAYS_SEARCH_USER_PATHS = NO;
				CLANG_CXX_LANGUAGE_STANDARD = "gnu++0x";
				CLANG_CXX_LIBRARY = "libc++";
				CLANG_ENABLE_MODULES = YES;
				CLANG_ENABLE_OBJC_ARC = YES;
				CLANG_WARN_BOOL_CONVERSION = YES;
				CLANG_WARN_CONSTANT_CONVERSION = YES;
				CLANG_WARN_DIRECT_OBJC_ISA_USAGE = YES_ERROR;
				CLANG_WARN_EMPTY_BODY = YES;
				CLANG_WARN_ENUM_CONVERSION = YES;
				CLANG_WARN_INT_CONVERSION = YES;
				CLANG_WARN_OBJC_ROOT_CLASS = YES_ERROR;
				CLANG_WARN_UNREACHABLE_CODE = YES;
				CLANG_WARN__DUPLICATE_METHOD_MATCH = YES;
				"CODE_SIGN_IDENTITY[sdk=iphoneos*]" = "iPhone Developer";
				COPY_PHASE_STRIP = NO;
				DEBUG_INFORMATION_FORMAT = dwarf;
				ENABLE_STRICT_OBJC_MSGSEND = YES;
				ENABLE_TESTABILITY = YES;
				GCC_C_LANGUAGE_STANDARD = gnu99;
				GCC_DYNAMIC_NO_PIC = NO;
				GCC_NO_COMMON_BLOCKS = YES;
				GCC_OPTIMIZATION_LEVEL = 0;
				GCC_PREPROCESSOR_DEFINITIONS = (
					"DEBUG=1",
					"$(inherited)",
				);
				GCC_WARN_64_TO_32_BIT_CONVERSION = YES;
				GCC_WARN_ABOUT_RETURN_TYPE = YES_ERROR;
				GCC_WARN_UNDECLARED_SELECTOR = YES;
				GCC_WARN_UNINITIALIZED_AUTOS = YES_AGGRESSIVE;
				GCC_WARN_UNUSED_FUNCTION = YES;
				GCC_WARN_UNUSED_VARIABLE = YES;
				IPHONEOS_DEPLOYMENT_TARGET = 9.1;
				MTL_ENABLE_DEBUG_INFO = YES;
				ONLY_ACTIVE_ARCH = YES;
				SDKROOT = iphoneos;
			};
			name = Debug;
		};
		C27735D31C1E944100AC8A7B /* Release */ = {
			isa = XCBuildConfiguration;
			buildSettings = {
				ALWAYS_SEARCH_USER_PATHS = NO;
				CLANG_CXX_LANGUAGE_STANDARD = "gnu++0x";
				CLANG_CXX_LIBRARY = "libc++";
				CLANG_ENABLE_MODULES = YES;
				CLANG_ENABLE_OBJC_ARC = YES;
				CLANG_WARN_BOOL_CONVERSION = YES;
				CLANG_WARN_CONSTANT_CONVERSION = YES;
				CLANG_WARN_DIRECT_OBJC_ISA_USAGE = YES_ERROR;
				CLANG_WARN_EMPTY_BODY = YES;
				CLANG_WARN_ENUM_CONVERSION = YES;
				CLANG_WARN_INT_CONVERSION = YES;
				CLANG_WARN_OBJC_ROOT_CLASS = YES_ERROR;
				CLANG_WARN_UNREACHABLE_CODE = YES;
				CLANG_WARN__DUPLICATE_METHOD_MATCH = YES;
				"CODE_SIGN_IDENTITY[sdk=iphoneos*]" = "iPhone Developer";
				COPY_PHASE_STRIP = NO;
				DEBUG_INFORMATION_FORMAT = "dwarf-with-dsym";
				ENABLE_NS_ASSERTIONS = NO;
				ENABLE_STRICT_OBJC_MSGSEND = YES;
				GCC_C_LANGUAGE_STANDARD = gnu99;
				GCC_NO_COMMON_BLOCKS = YES;
				GCC_WARN_64_TO_32_BIT_CONVERSION = YES;
				GCC_WARN_ABOUT_RETURN_TYPE = YES_ERROR;
				GCC_WARN_UNDECLARED_SELECTOR = YES;
				GCC_WARN_UNINITIALIZED_AUTOS = YES_AGGRESSIVE;
				GCC_WARN_UNUSED_FUNCTION = YES;
				GCC_WARN_UNUSED_VARIABLE = YES;
				IPHONEOS_DEPLOYMENT_TARGET = 9.1;
				MTL_ENABLE_DEBUG_INFO = NO;
				SDKROOT = iphoneos;
				VALIDATE_PRODUCT = YES;
			};
			name = Release;
		};
		C27735D51C1E944100AC8A7B /* Debug */ = {
			isa = XCBuildConfiguration;
			buildSettings = {
				ASSETCATALOG_COMPILER_APPICON_NAME = AppIcon;
				INFOPLIST_FILE = ZDrawerSample/Info.plist;
				LD_RUNPATH_SEARCH_PATHS = "$(inherited) @executable_path/Frameworks";
				PRODUCT_BUNDLE_IDENTIFIER = Zero.ZDrawerSample;
				PRODUCT_NAME = "$(TARGET_NAME)";
			};
			name = Debug;
		};
		C27735D61C1E944100AC8A7B /* Release */ = {
			isa = XCBuildConfiguration;
			buildSettings = {
				ASSETCATALOG_COMPILER_APPICON_NAME = AppIcon;
				INFOPLIST_FILE = ZDrawerSample/Info.plist;
				LD_RUNPATH_SEARCH_PATHS = "$(inherited) @executable_path/Frameworks";
				PRODUCT_BUNDLE_IDENTIFIER = Zero.ZDrawerSample;
				PRODUCT_NAME = "$(TARGET_NAME)";
			};
			name = Release;
		};
		C27735D81C1E944200AC8A7B /* Debug */ = {
			isa = XCBuildConfiguration;
			buildSettings = {
				BUNDLE_LOADER = "$(TEST_HOST)";
				INFOPLIST_FILE = ZDrawerSampleTests/Info.plist;
				LD_RUNPATH_SEARCH_PATHS = "$(inherited) @executable_path/Frameworks @loader_path/Frameworks";
				PRODUCT_BUNDLE_IDENTIFIER = Zero.ZDrawerSampleTests;
				PRODUCT_NAME = "$(TARGET_NAME)";
				TEST_HOST = "$(BUILT_PRODUCTS_DIR)/ZDrawerSample.app/ZDrawerSample";
			};
			name = Debug;
		};
		C27735D91C1E944200AC8A7B /* Release */ = {
			isa = XCBuildConfiguration;
			buildSettings = {
				BUNDLE_LOADER = "$(TEST_HOST)";
				INFOPLIST_FILE = ZDrawerSampleTests/Info.plist;
				LD_RUNPATH_SEARCH_PATHS = "$(inherited) @executable_path/Frameworks @loader_path/Frameworks";
				PRODUCT_BUNDLE_IDENTIFIER = Zero.ZDrawerSampleTests;
				PRODUCT_NAME = "$(TARGET_NAME)";
				TEST_HOST = "$(BUILT_PRODUCTS_DIR)/ZDrawerSample.app/ZDrawerSample";
			};
			name = Release;
		};
		C27735DB1C1E944200AC8A7B /* Debug */ = {
			isa = XCBuildConfiguration;
			buildSettings = {
				INFOPLIST_FILE = ZDrawerSampleUITests/Info.plist;
				LD_RUNPATH_SEARCH_PATHS = "$(inherited) @executable_path/Frameworks @loader_path/Frameworks";
				PRODUCT_BUNDLE_IDENTIFIER = Zero.ZDrawerSampleUITests;
				PRODUCT_NAME = "$(TARGET_NAME)";
				TEST_TARGET_NAME = ZDrawerSample;
				USES_XCTRUNNER = YES;
			};
			name = Debug;
		};
		C27735DC1C1E944200AC8A7B /* Release */ = {
			isa = XCBuildConfiguration;
			buildSettings = {
				INFOPLIST_FILE = ZDrawerSampleUITests/Info.plist;
				LD_RUNPATH_SEARCH_PATHS = "$(inherited) @executable_path/Frameworks @loader_path/Frameworks";
				PRODUCT_BUNDLE_IDENTIFIER = Zero.ZDrawerSampleUITests;
				PRODUCT_NAME = "$(TARGET_NAME)";
				TEST_TARGET_NAME = ZDrawerSample;
				USES_XCTRUNNER = YES;
			};
			name = Release;
		};
/* End XCBuildConfiguration section */

/* Begin XCConfigurationList section */
		C27735A21C1E943C00AC8A7B /* Build configuration list for PBXProject "ZDrawerSample" */ = {
			isa = XCConfigurationList;
			buildConfigurations = (
				C27735D21C1E944100AC8A7B /* Debug */,
				C27735D31C1E944100AC8A7B /* Release */,
			);
			defaultConfigurationIsVisible = 0;
			defaultConfigurationName = Release;
		};
		C27735D41C1E944100AC8A7B /* Build configuration list for PBXNativeTarget "ZDrawerSample" */ = {
			isa = XCConfigurationList;
			buildConfigurations = (
				C27735D51C1E944100AC8A7B /* Debug */,
				C27735D61C1E944100AC8A7B /* Release */,
			);
			defaultConfigurationIsVisible = 0;
		};
		C27735D71C1E944200AC8A7B /* Build configuration list for PBXNativeTarget "ZDrawerSampleTests" */ = {
			isa = XCConfigurationList;
			buildConfigurations = (
				C27735D81C1E944200AC8A7B /* Debug */,
				C27735D91C1E944200AC8A7B /* Release */,
			);
			defaultConfigurationIsVisible = 0;
		};
		C27735DA1C1E944200AC8A7B /* Build configuration list for PBXNativeTarget "ZDrawerSampleUITests" */ = {
			isa = XCConfigurationList;
			buildConfigurations = (
				C27735DB1C1E944200AC8A7B /* Debug */,
				C27735DC1C1E944200AC8A7B /* Release */,
			);
			defaultConfigurationIsVisible = 0;
		};
/* End XCConfigurationList section */
	};
	rootObject = C277359F1C1E943C00AC8A7B /* Project object */;
}
